
Microsoft Visual Studio Solution File, Format Version 12.00
# Visual Studio Version 16
VisualStudioVersion = 16.0.31229.75
MinimumVisualStudioVersion = 10.0.40219.1
Project("{FAE04EC0-301F-11D3-BF4B-00C04F79EFBC}") = "ConsoleApp1", "ConsoleApp1\ConsoleApp1.csproj", "{09BF1FB2-67C4-4FBC-8227-C9E51AE39470}"
EndProject
Global
	GlobalSection(SolutionConfigurationPlatforms) = preSolution
		Debug|Any CPU = Debug|Any CPU
		Release|Any CPU = Release|Any CPU
	EndGlobalSection
	GlobalSection(ProjectConfigurationPlatforms) = postSolution
		{09BF1FB2-67C4-4FBC-8227-C9E51AE39470}.Debug|Any CPU.ActiveCfg = Debug|Any CPU
		{09BF1FB2-67C4-4FBC-8227-C9E51AE39470}.Debug|Any CPU.Build.0 = Debug|Any CPU
		{09BF1FB2-67C4-4FBC-8227-C9E51AE39470}.Release|Any CPU.ActiveCfg = Release|Any CPU
		{09BF1FB2-67C4-4FBC-8227-C9E51AE39470}.Release|Any CPU.Build.0 = Release|Any CPU
	EndGlobalSection
	GlobalSection(SolutionProperties) = preSolution
		HideSolutionNode = FALSE
	EndGlobalSection
	GlobalSection(ExtensibilityGlobals) = postSolution
		SolutionGuid = {115FF4D4-F654-4B1A-BBAD-F8B18D5E9E99}
	EndGlobalSection
EndGlobal
