
Microsoft Visual Studio Solution File, Format Version 12.00
# Visual Studio Version 16
VisualStudioVersion = 16.0.31313.79
MinimumVisualStudioVersion = 10.0.40219.1
Project("{FAE04EC0-301F-11D3-BF4B-00C04F79EFBC}") = "ConsoleApp1", "ConsoleApp1\ConsoleApp1.csproj", "{2FFC37AC-D1F8-4FAE-ADF7-8B7C7D8535E8}"
EndProject
Global
	GlobalSection(SolutionConfigurationPlatforms) = preSolution
		Debug|Any CPU = Debug|Any CPU
		Release|Any CPU = Release|Any CPU
	EndGlobalSection
	GlobalSection(ProjectConfigurationPlatforms) = postSolution
		{2FFC37AC-D1F8-4FAE-ADF7-8B7C7D8535E8}.Debug|Any CPU.ActiveCfg = Debug|Any CPU
		{2FFC37AC-D1F8-4FAE-ADF7-8B7C7D8535E8}.Debug|Any CPU.Build.0 = Debug|Any CPU
		{2FFC37AC-D1F8-4FAE-ADF7-8B7C7D8535E8}.Release|Any CPU.ActiveCfg = Release|Any CPU
		{2FFC37AC-D1F8-4FAE-ADF7-8B7C7D8535E8}.Release|Any CPU.Build.0 = Release|Any CPU
	EndGlobalSection
	GlobalSection(SolutionProperties) = preSolution
		HideSolutionNode = FALSE
	EndGlobalSection
	GlobalSection(ExtensibilityGlobals) = postSolution
		SolutionGuid = {CCB07D56-F940-4E2E-A33F-0A5C7302C419}
	EndGlobalSection
EndGlobal
